{
  "name": "pretext-testing",
  "lockfileVersion": 3,
  "requires": true,
  "packages": {
    "": {
      "dependencies": {
        "@pretextbook/format": "^0.0.6"
      }
    },
    "node_modules/@pretextbook/format": {
      "version": "0.0.6",
      "resolved": "https://registry.npmjs.org/@pretextbook/format/-/format-0.0.6.tgz",
      "integrity": "sha512-MxKhfpl99TMAhmqT1Po7FYWG5TsEVZtuHgOoEN2KM9P3IcX3CmP0szo2XRPFzo6zonrNYmYX8zHkyPr+jbjxcg==",
      "license": "MIT",
      "bin": {
        "pretext-format": "cli.cjs"
      }
    }
  }
}
